
Microsoft Visual Studio Solution File, Format Version 12.00
# Visual Studio Version 17
VisualStudioVersion = 17.3.32804.467
MinimumVisualStudioVersion = 10.0.40219.1
Project("{FAE04EC0-301F-11D3-BF4B-00C04F79EFBC}") = "loja", "loja\loja.csproj", "{1201D651-2D13-4C15-A19A-F9E4879BEDCA}"
EndProject
Global
	GlobalSection(SolutionConfigurationPlatforms) = preSolution
		Debug|Any CPU = Debug|Any CPU
		Release|Any CPU = Release|Any CPU
	EndGlobalSection
	GlobalSection(ProjectConfigurationPlatforms) = postSolution
		{1201D651-2D13-4C15-A19A-F9E4879BEDCA}.Debug|Any CPU.ActiveCfg = Debug|Any CPU
		{1201D651-2D13-4C15-A19A-F9E4879BEDCA}.Debug|Any CPU.Build.0 = Debug|Any CPU
		{1201D651-2D13-4C15-A19A-F9E4879BEDCA}.Release|Any CPU.ActiveCfg = Release|Any CPU
		{1201D651-2D13-4C15-A19A-F9E4879BEDCA}.Release|Any CPU.Build.0 = Release|Any CPU
	EndGlobalSection
	GlobalSection(SolutionProperties) = preSolution
		HideSolutionNode = FALSE
	EndGlobalSection
	GlobalSection(ExtensibilityGlobals) = postSolution
		SolutionGuid = {5152741C-C9F2-41BD-84E6-8956389DAEC7}
	EndGlobalSection
EndGlobal
